
Microsoft Visual Studio Solution File, Format Version 12.00
# Visual Studio 2017
Project("{FAE04EC0-301F-11D3-BF4B-00C04F79EFBC}") = "Programação", "Programação.csproj", "{C5C7C4CA-B46F-A09F-B8D9-1C2044611EAA}"
EndProject
Global
	GlobalSection(SolutionConfigurationPlatforms) = preSolution
		Debug|Any CPU = Debug|Any CPU
		Release|Any CPU = Release|Any CPU
	EndGlobalSection
	GlobalSection(ProjectConfigurationPlatforms) = postSolution
		{C5C7C4CA-B46F-A09F-B8D9-1C2044611EAA}.Debug|Any CPU.ActiveCfg = Debug|Any CPU
		{C5C7C4CA-B46F-A09F-B8D9-1C2044611EAA}.Debug|Any CPU.Build.0 = Debug|Any CPU
		{C5C7C4CA-B46F-A09F-B8D9-1C2044611EAA}.Release|Any CPU.ActiveCfg = Release|Any CPU
		{C5C7C4CA-B46F-A09F-B8D9-1C2044611EAA}.Release|Any CPU.Build.0 = Release|Any CPU
	EndGlobalSection
	GlobalSection(SolutionProperties) = preSolution
		HideSolutionNode = FALSE
	EndGlobalSection
EndGlobal
